
Microsoft Visual Studio Solution File, Format Version 12.00
# Visual Studio Version 17
VisualStudioVersion = 17.6.33801.468
MinimumVisualStudioVersion = 10.0.40219.1
Project("{FAE04EC0-301F-11D3-BF4B-00C04F79EFBC}") = "GA_BinarySearch_Arman", "GA_BinarySearch_Arman.csproj", "{80D4FBE8-4754-4EDC-A2F2-BD65B6016E8D}"
EndProject
Global
	GlobalSection(SolutionConfigurationPlatforms) = preSolution
		Debug|Any CPU = Debug|Any CPU
		Release|Any CPU = Release|Any CPU
	EndGlobalSection
	GlobalSection(ProjectConfigurationPlatforms) = postSolution
		{80D4FBE8-4754-4EDC-A2F2-BD65B6016E8D}.Debug|Any CPU.ActiveCfg = Debug|Any CPU
		{80D4FBE8-4754-4EDC-A2F2-BD65B6016E8D}.Debug|Any CPU.Build.0 = Debug|Any CPU
		{80D4FBE8-4754-4EDC-A2F2-BD65B6016E8D}.Release|Any CPU.ActiveCfg = Release|Any CPU
		{80D4FBE8-4754-4EDC-A2F2-BD65B6016E8D}.Release|Any CPU.Build.0 = Release|Any CPU
	EndGlobalSection
	GlobalSection(SolutionProperties) = preSolution
		HideSolutionNode = FALSE
	EndGlobalSection
	GlobalSection(ExtensibilityGlobals) = postSolution
		SolutionGuid = {3AB76AFD-E34A-41F7-8902-3BD48130F252}
	EndGlobalSection
EndGlobal
